# This file is autogenerated, do not edit; changes may be undone by the next 'dep ensure'.


[[projects]]
  name = "github.com/boltdb/bolt"
  packages = ["."]
  revision = "2f1ce7a837dcb8da3ec595b1dac9d0632f0f99e8"
  version = "v1.3.1"

[[projects]]
  branch = "sha256"
  name = "github.com/fullsailor/pkcs7"
  packages = [".","internal/x509util"]
  revision = "43549d8ee32d0e4f67d7536b6356db5ba49a6378"
  source = "git@github.com:groob/pkcs7"

[[projects]]
  name = "github.com/go-kit/kit"
  packages = ["endpoint","log","transport/http"]
  revision = "fadad6fffe0466b19df9efd9acde5c9a52df5fa4"
  version = "v0.4.0"

[[projects]]
  name = "github.com/go-logfmt/logfmt"
  packages = ["."]
  revision = "390ab7935ee28ec6b286364bba9b4dd6410cb3d5"
  version = "v0.3.0"

[[projects]]
  name = "github.com/go-stack/stack"
  packages = ["."]
  revision = "817915b46b97fd7bb80e8ab6b69f01a53ac3eebf"
  version = "v1.6.0"

[[projects]]
  name = "github.com/gorilla/context"
  packages = ["."]
  revision = "1ea25387ff6f684839d82767c1733ff4d4d15d0a"
  version = "v1.1"

[[projects]]
  name = "github.com/gorilla/mux"
  packages = ["."]
  revision = "bcd8bc72b08df0f70df986b97f95590779502d31"
  version = "v1.4.0"

[[projects]]
  branch = "master"
  name = "github.com/groob/finalizer"
  packages = [".","logutil"]
  revision = "4c2ed49aabdaa038f247d72d183e410757cdbe9c"

[[projects]]
  branch = "master"
  name = "github.com/kr/logfmt"
  packages = ["."]
  revision = "b84e30acd515aadc4b783ad4ff83aff3299bdfe0"

[[projects]]
  name = "github.com/pkg/errors"
  packages = ["."]
  revision = "645ef00459ed84a119197bfb8d8205042c6df63d"
  version = "v0.8.0"

[[projects]]
  branch = "master"
  name = "golang.org/x/net"
  packages = ["context","context/ctxhttp"]
  revision = "f5079bd7f6f74e23c4d65efa0f4ce14cbd6a3c0f"

[[projects]]
  branch = "master"
  name = "golang.org/x/sys"
  packages = ["unix"]
  revision = "0f826bdd13b500be0f1d4004938ad978fcc6031e"

[solve-meta]
  analyzer-name = "dep"
  analyzer-version = 1
  inputs-digest = "4bf6820df828baf8cac19af2b49ad79e752d4c4b9437fbfa91e5ffc9efca25ef"
  solver-name = "gps-cdcl"
  solver-version = 1
